{
  "name": "serial_website",
  "lockfileVersion": 3,
  "requires": true,
  "packages": {
    "": {
      "dependencies": {
        "client-zip": "^2.4.4",
        "diff": "^5.2.0"
      }
    },
    "node_modules/client-zip": {
      "version": "2.4.4",
      "resolved": "https://registry.npmjs.org/client-zip/-/client-zip-2.4.4.tgz",
      "integrity": "sha512-Ixk40BUI7VvNDxW7SCze20GbCuC+gjP4tGkXUpo6/W96bOf96HSed6cOQVeUOIe74SJAG/dIrBr7AtR4xBVnsA=="
    },
    "node_modules/diff": {
      "version": "5.2.0",
      "resolved": "https://registry.npmjs.org/diff/-/diff-5.2.0.tgz",
      "integrity": "sha512-uIFDxqpRZGZ6ThOk84hEfqWoHx2devRFvpTZcTHur85vImfaxUbTW9Ryh4CpCuDnToOP1CEtXKIgytHBPVff5A==",
      "engines": {
        "node": ">=0.3.1"
      }
    }
  }
}
